// !$*UTF8*$!
{
	archiveVersion = 1;
	classes = {
	};
	objectVersion = 77;
	objects = {

/* Begin PBXBuildFile section */
		20F5B47B2DEE0377006E942D /* Nimble in Frameworks */ = {isa = PBXBuildFile; productRef = 20F5B47A2DEE0377006E942D /* Nimble */; };
		20F5B47E2DEE038D006E942D /* Quick in Frameworks */ = {isa = PBXBuildFile; productRef = 20F5B47D2DEE038D006E942D /* Quick */; };
/* End PBXBuildFile section */

/* Begin PBXContainerItemProxy section */
		20F5B4092DEE0277006E942D /* PBXContainerItemProxy */ = {
			isa = PBXContainerItemProxy;
			containerPortal = 20F5B3F22DEE0272006E942D /* Project object */;
			proxyType = 1;
			remoteGlobalIDString = 20F5B3F92DEE0272006E942D;
			remoteInfo = PupGuesser;
		};
		20F5B4132DEE0277006E942D /* PBXContainerItemProxy */ = {
			isa = PBXContainerItemProxy;
			containerPortal = 20F5B3F22DEE0272006E942D /* Project object */;
			proxyType = 1;
			remoteGlobalIDString = 20F5B3F92DEE0272006E942D;
			remoteInfo = PupGuesser;
		};
/* End PBXContainerItemProxy section */

/* Begin PBXFileReference section */
		20F5B3FA2DEE0272006E942D /* PupGuesser.app */ = {isa = PBXFileReference; explicitFileType = wrapper.application; includeInIndex = 0; path = PupGuesser.app; sourceTree = BUILT_PRODUCTS_DIR; };
		20F5B4082DEE0277006E942D /* PupGuesserTests.xctest */ = {isa = PBXFileReference; explicitFileType = wrapper.cfbundle; includeInIndex = 0; path = PupGuesserTests.xctest; sourceTree = BUILT_PRODUCTS_DIR; };
		20F5B4122DEE0277006E942D /* PupGuesserUITests.xctest */ = {isa = PBXFileReference; explicitFileType = wrapper.cfbundle; includeInIndex = 0; path = PupGuesserUITests.xctest; sourceTree = BUILT_PRODUCTS_DIR; };
/* End PBXFileReference section */

/* Begin PBXFileSystemSynchronizedBuildFileExceptionSet section */
		205D266C2DEE34F300E26494 /* Exceptions for "PupGuesser" folder in "PupGuesser" target */ = {
			isa = PBXFileSystemSynchronizedBuildFileExceptionSet;
			membershipExceptions = (
				Info.plist,
			);
			target = 20F5B3F92DEE0272006E942D /* PupGuesser */;
		};
/* End PBXFileSystemSynchronizedBuildFileExceptionSet section */

/* Begin PBXFileSystemSynchronizedRootGroup section */
		20F5B3FC2DEE0272006E942D /* PupGuesser */ = {
			isa = PBXFileSystemSynchronizedRootGroup;
			exceptions = (
				205D266C2DEE34F300E26494 /* Exceptions for "PupGuesser" folder in "PupGuesser" target */,
			);
			path = PupGuesser;
			sourceTree = "<group>";
		};
		20F5B40B2DEE0277006E942D /* PupGuesserTests */ = {
			isa = PBXFileSystemSynchronizedRootGroup;
			path = PupGuesserTests;
			sourceTree = "<group>";
		};
		20F5B4152DEE0277006E942D /* PupGuesserUITests */ = {
			isa = PBXFileSystemSynchronizedRootGroup;
			path = PupGuesserUITests;
			sourceTree = "<group>";
		};
/* End PBXFileSystemSynchronizedRootGroup section */

/* Begin PBXFrameworksBuildPhase section */
		20F5B3F72DEE0272006E942D /* Frameworks */ = {
			isa = PBXFrameworksBuildPhase;
			buildActionMask = 2147483647;
			files = (
			);
			runOnlyForDeploymentPostprocessing = 0;
		};
		20F5B4052DEE0277006E942D /* Frameworks */ = {
			isa = PBXFrameworksBuildPhase;
			buildActionMask = 2147483647;
			files = (
				20F5B47E2DEE038D006E942D /* Quick in Frameworks */,
				20F5B47B2DEE0377006E942D /* Nimble in Frameworks */,
			);
			runOnlyForDeploymentPostprocessing = 0;
		};
		20F5B40F2DEE0277006E942D /* Frameworks */ = {
			isa = PBXFrameworksBuildPhase;
			buildActionMask = 2147483647;
			files = (
			);
			runOnlyForDeploymentPostprocessing = 0;
		};
/* End PBXFrameworksBuildPhase section */

/* Begin PBXGroup section */
		20F5B3F12DEE0272006E942D = {
			isa = PBXGroup;
			children = (
				20F5B3FC2DEE0272006E942D /* PupGuesser */,
				20F5B40B2DEE0277006E942D /* PupGuesserTests */,
				20F5B4152DEE0277006E942D /* PupGuesserUITests */,
				20F5B3FB2DEE0272006E942D /* Products */,
			);
			sourceTree = "<group>";
		};
		20F5B3FB2DEE0272006E942D /* Products */ = {
			isa = PBXGroup;
			children = (
				20F5B3FA2DEE0272006E942D /* PupGuesser.app */,
				20F5B4082DEE0277006E942D /* PupGuesserTests.xctest */,
				20F5B4122DEE0277006E942D /* PupGuesserUITests.xctest */,
			);
			name = Products;
			sourceTree = "<group>";
		};
/* End PBXGroup section */

/* Begin PBXNativeTarget section */
		20F5B3F92DEE0272006E942D /* PupGuesser */ = {
			isa = PBXNativeTarget;
			buildConfigurationList = 20F5B41C2DEE0278006E942D /* Build configuration list for PBXNativeTarget "PupGuesser" */;
			buildPhases = (
				20F5B3F62DEE0272006E942D /* Sources */,
				20F5B3F72DEE0272006E942D /* Frameworks */,
				20F5B3F82DEE0272006E942D /* Resources */,
			);
			buildRules = (
			);
			dependencies = (
			);
			fileSystemSynchronizedGroups = (
				20F5B3FC2DEE0272006E942D /* PupGuesser */,
			);
			name = PupGuesser;
			packageProductDependencies = (
			);
			productName = PupGuesser;
			productReference = 20F5B3FA2DEE0272006E942D /* PupGuesser.app */;
			productType = "com.apple.product-type.application";
		};
		20F5B4072DEE0277006E942D /* PupGuesserTests */ = {
			isa = PBXNativeTarget;
			buildConfigurationList = 20F5B41F2DEE0278006E942D /* Build configuration list for PBXNativeTarget "PupGuesserTests" */;
			buildPhases = (
				20F5B4042DEE0277006E942D /* Sources */,
				20F5B4052DEE0277006E942D /* Frameworks */,
				20F5B4062DEE0277006E942D /* Resources */,
			);
			buildRules = (
			);
			dependencies = (
				20F5B40A2DEE0277006E942D /* PBXTargetDependency */,
			);
			fileSystemSynchronizedGroups = (
				20F5B40B2DEE0277006E942D /* PupGuesserTests */,
			);
			name = PupGuesserTests;
			packageProductDependencies = (
				20F5B47A2DEE0377006E942D /* Nimble */,
				20F5B47D2DEE038D006E942D /* Quick */,
			);
			productName = PupGuesserTests;
			productReference = 20F5B4082DEE0277006E942D /* PupGuesserTests.xctest */;
			productType = "com.apple.product-type.bundle.unit-test";
		};
		20F5B4112DEE0277006E942D /* PupGuesserUITests */ = {
			isa = PBXNativeTarget;
			buildConfigurationList = 20F5B4222DEE0278006E942D /* Build configuration list for PBXNativeTarget "PupGuesserUITests" */;
			buildPhases = (
				20F5B40E2DEE0277006E942D /* Sources */,
				20F5B40F2DEE0277006E942D /* Frameworks */,
				20F5B4102DEE0277006E942D /* Resources */,
			);
			buildRules = (
			);
			dependencies = (
				20F5B4142DEE0277006E942D /* PBXTargetDependency */,
			);
			fileSystemSynchronizedGroups = (
				20F5B4152DEE0277006E942D /* PupGuesserUITests */,
			);
			name = PupGuesserUITests;
			packageProductDependencies = (
			);
			productName = PupGuesserUITests;
			productReference = 20F5B4122DEE0277006E942D /* PupGuesserUITests.xctest */;
			productType = "com.apple.product-type.bundle.ui-testing";
		};
/* End PBXNativeTarget section */

/* Begin PBXProject section */
		20F5B3F22DEE0272006E942D /* Project object */ = {
			isa = PBXProject;
			attributes = {
				BuildIndependentTargetsInParallel = 1;
				LastSwiftUpdateCheck = 1640;
				LastUpgradeCheck = 1640;
				TargetAttributes = {
					20F5B3F92DEE0272006E942D = {
						CreatedOnToolsVersion = 16.4;
					};
					20F5B4072DEE0277006E942D = {
						CreatedOnToolsVersion = 16.4;
						LastSwiftMigration = 1640;
						TestTargetID = 20F5B3F92DEE0272006E942D;
					};
					20F5B4112DEE0277006E942D = {
						CreatedOnToolsVersion = 16.4;
						TestTargetID = 20F5B3F92DEE0272006E942D;
					};
				};
			};
			buildConfigurationList = 20F5B3F52DEE0272006E942D /* Build configuration list for PBXProject "PupGuesser" */;
			developmentRegion = en;
			hasScannedForEncodings = 0;
			knownRegions = (
				en,
				Base,
			);
			mainGroup = 20F5B3F12DEE0272006E942D;
			minimizedProjectReferenceProxies = 1;
			packageReferences = (
				20F5B4792DEE0377006E942D /* XCRemoteSwiftPackageReference "Nimble" */,
				20F5B47C2DEE038D006E942D /* XCRemoteSwiftPackageReference "Quick" */,
			);
			preferredProjectObjectVersion = 77;
			productRefGroup = 20F5B3FB2DEE0272006E942D /* Products */;
			projectDirPath = "";
			projectRoot = "";
			targets = (
				20F5B3F92DEE0272006E942D /* PupGuesser */,
				20F5B4072DEE0277006E942D /* PupGuesserTests */,
				20F5B4112DEE0277006E942D /* PupGuesserUITests */,
			);
		};
/* End PBXProject section */

/* Begin PBXResourcesBuildPhase section */
		20F5B3F82DEE0272006E942D /* Resources */ = {
			isa = PBXResourcesBuildPhase;
			buildActionMask = 2147483647;
			files = (
			);
			runOnlyForDeploymentPostprocessing = 0;
		};
		20F5B4062DEE0277006E942D /* Resources */ = {
			isa = PBXResourcesBuildPhase;
			buildActionMask = 2147483647;
			files = (
			);
			runOnlyForDeploymentPostprocessing = 0;
		};
		20F5B4102DEE0277006E942D /* Resources */ = {
			isa = PBXResourcesBuildPhase;
			buildActionMask = 2147483647;
			files = (
			);
			runOnlyForDeploymentPostprocessing = 0;
		};
/* End PBXResourcesBuildPhase section */

/* Begin PBXSourcesBuildPhase section */
		20F5B3F62DEE0272006E942D /* Sources */ = {
			isa = PBXSourcesBuildPhase;
			buildActionMask = 2147483647;
			files = (
			);
			runOnlyForDeploymentPostprocessing = 0;
		};
		20F5B4042DEE0277006E942D /* Sources */ = {
			isa = PBXSourcesBuildPhase;
			buildActionMask = 2147483647;
			files = (
			);
			runOnlyForDeploymentPostprocessing = 0;
		};
		20F5B40E2DEE0277006E942D /* Sources */ = {
			isa = PBXSourcesBuildPhase;
			buildActionMask = 2147483647;
			files = (
			);
			runOnlyForDeploymentPostprocessing = 0;
		};
/* End PBXSourcesBuildPhase section */

/* Begin PBXTargetDependency section */
		20F5B40A2DEE0277006E942D /* PBXTargetDependency */ = {
			isa = PBXTargetDependency;
			target = 20F5B3F92DEE0272006E942D /* PupGuesser */;
			targetProxy = 20F5B4092DEE0277006E942D /* PBXContainerItemProxy */;
		};
		20F5B4142DEE0277006E942D /* PBXTargetDependency */ = {
			isa = PBXTargetDependency;
			target = 20F5B3F92DEE0272006E942D /* PupGuesser */;
			targetProxy = 20F5B4132DEE0277006E942D /* PBXContainerItemProxy */;
		};
/* End PBXTargetDependency section */

/* Begin XCBuildConfiguration section */
		20F5B41A2DEE0278006E942D /* Debug */ = {
			isa = XCBuildConfiguration;
			buildSettings = {
				ALWAYS_SEARCH_USER_PATHS = NO;
				ASSETCATALOG_COMPILER_GENERATE_SWIFT_ASSET_SYMBOL_EXTENSIONS = YES;
				CLANG_ANALYZER_NONNULL = YES;
				CLANG_ANALYZER_NUMBER_OBJECT_CONVERSION = YES_AGGRESSIVE;
				CLANG_CXX_LANGUAGE_STANDARD = "gnu++20";
				CLANG_ENABLE_MODULES = YES;
				CLANG_ENABLE_OBJC_ARC = YES;
				CLANG_ENABLE_OBJC_WEAK = YES;
				CLANG_WARN_BLOCK_CAPTURE_AUTORELEASING = YES;
				CLANG_WARN_BOOL_CONVERSION = YES;
				CLANG_WARN_COMMA = YES;
				CLANG_WARN_CONSTANT_CONVERSION = YES;
				CLANG_WARN_DEPRECATED_OBJC_IMPLEMENTATIONS = YES;
				CLANG_WARN_DIRECT_OBJC_ISA_USAGE = YES_ERROR;
				CLANG_WARN_DOCUMENTATION_COMMENTS = YES;
				CLANG_WARN_EMPTY_BODY = YES;
				CLANG_WARN_ENUM_CONVERSION = YES;
				CLANG_WARN_INFINITE_RECURSION = YES;
				CLANG_WARN_INT_CONVERSION = YES;
				CLANG_WARN_NON_LITERAL_NULL_CONVERSION = YES;
				CLANG_WARN_OBJC_IMPLICIT_RETAIN_SELF = YES;
				CLANG_WARN_OBJC_LITERAL_CONVERSION = YES;
				CLANG_WARN_OBJC_ROOT_CLASS = YES_ERROR;
				CLANG_WARN_QUOTED_INCLUDE_IN_FRAMEWORK_HEADER = YES;
				CLANG_WARN_RANGE_LOOP_ANALYSIS = YES;
				CLANG_WARN_STRICT_PROTOTYPES = YES;
				CLANG_WARN_SUSPICIOUS_MOVE = YES;
				CLANG_WARN_UNGUARDED_AVAILABILITY = YES_AGGRESSIVE;
				CLANG_WARN_UNREACHABLE_CODE = YES;
				CLANG_WARN__DUPLICATE_METHOD_MATCH = YES;
				COPY_PHASE_STRIP = NO;
				DEBUG_INFORMATION_FORMAT = dwarf;
				ENABLE_STRICT_OBJC_MSGSEND = YES;
				ENABLE_TESTABILITY = YES;
				ENABLE_USER_SCRIPT_SANDBOXING = YES;
				GCC_C_LANGUAGE_STANDARD = gnu17;
				GCC_DYNAMIC_NO_PIC = NO;
				GCC_NO_COMMON_BLOCKS = YES;
				GCC_OPTIMIZATION_LEVEL = 0;
				GCC_PREPROCESSOR_DEFINITIONS = (
					"DEBUG=1",
					"$(inherited)",
				);
				GCC_WARN_64_TO_32_BIT_CONVERSION = YES;
				GCC_WARN_ABOUT_RETURN_TYPE = YES_ERROR;
				GCC_WARN_UNDECLARED_SELECTOR = YES;
				GCC_WARN_UNINITIALIZED_AUTOS = YES_AGGRESSIVE;
				GCC_WARN_UNUSED_FUNCTION = YES;
				GCC_WARN_UNUSED_VARIABLE = YES;
				LOCALIZATION_PREFERS_STRING_CATALOGS = YES;
				MACOSX_DEPLOYMENT_TARGET = 15.5;
				MTL_ENABLE_DEBUG_INFO = INCLUDE_SOURCE;
				MTL_FAST_MATH = YES;
				ONLY_ACTIVE_ARCH = YES;
				SDKROOT = macosx;
				SWIFT_ACTIVE_COMPILATION_CONDITIONS = "DEBUG $(inherited)";
				SWIFT_OPTIMIZATION_LEVEL = "-Onone";
			};
			name = Debug;
		};
		20F5B41B2DEE0278006E942D /* Release */ = {
			isa = XCBuildConfiguration;
			buildSettings = {
				ALWAYS_SEARCH_USER_PATHS = NO;
				ASSETCATALOG_COMPILER_GENERATE_SWIFT_ASSET_SYMBOL_EXTENSIONS = YES;
				CLANG_ANALYZER_NONNULL = YES;
				CLANG_ANALYZER_NUMBER_OBJECT_CONVERSION = YES_AGGRESSIVE;
				CLANG_CXX_LANGUAGE_STANDARD = "gnu++20";
				CLANG_ENABLE_MODULES = YES;
				CLANG_ENABLE_OBJC_ARC = YES;
				CLANG_ENABLE_OBJC_WEAK = YES;
				CLANG_WARN_BLOCK_CAPTURE_AUTORELEASING = YES;
				CLANG_WARN_BOOL_CONVERSION = YES;
				CLANG_WARN_COMMA = YES;
				CLANG_WARN_CONSTANT_CONVERSION = YES;
				CLANG_WARN_DEPRECATED_OBJC_IMPLEMENTATIONS = YES;
				CLANG_WARN_DIRECT_OBJC_ISA_USAGE = YES_ERROR;
				CLANG_WARN_DOCUMENTATION_COMMENTS = YES;
				CLANG_WARN_EMPTY_BODY = YES;
				CLANG_WARN_ENUM_CONVERSION = YES;
				CLANG_WARN_INFINITE_RECURSION = YES;
				CLANG_WARN_INT_CONVERSION = YES;
				CLANG_WARN_NON_LITERAL_NULL_CONVERSION = YES;
				CLANG_WARN_OBJC_IMPLICIT_RETAIN_SELF = YES;
				CLANG_WARN_OBJC_LITERAL_CONVERSION = YES;
				CLANG_WARN_OBJC_ROOT_CLASS = YES_ERROR;
				CLANG_WARN_QUOTED_INCLUDE_IN_FRAMEWORK_HEADER = YES;
				CLANG_WARN_RANGE_LOOP_ANALYSIS = YES;
				CLANG_WARN_STRICT_PROTOTYPES = YES;
				CLANG_WARN_SUSPICIOUS_MOVE = YES;
				CLANG_WARN_UNGUARDED_AVAILABILITY = YES_AGGRESSIVE;
				CLANG_WARN_UNREACHABLE_CODE = YES;
				CLANG_WARN__DUPLICATE_METHOD_MATCH = YES;
				COPY_PHASE_STRIP = NO;
				DEBUG_INFORMATION_FORMAT = "dwarf-with-dsym";
				ENABLE_NS_ASSERTIONS = NO;
				ENABLE_STRICT_OBJC_MSGSEND = YES;
				ENABLE_USER_SCRIPT_SANDBOXING = YES;
				GCC_C_LANGUAGE_STANDARD = gnu17;
				GCC_NO_COMMON_BLOCKS = YES;
				GCC_WARN_64_TO_32_BIT_CONVERSION = YES;
				GCC_WARN_ABOUT_RETURN_TYPE = YES_ERROR;
				GCC_WARN_UNDECLARED_SELECTOR = YES;
				GCC_WARN_UNINITIALIZED_AUTOS = YES_AGGRESSIVE;
				GCC_WARN_UNUSED_FUNCTION = YES;
				GCC_WARN_UNUSED_VARIABLE = YES;
				LOCALIZATION_PREFERS_STRING_CATALOGS = YES;
				MACOSX_DEPLOYMENT_TARGET = 15.5;
				MTL_ENABLE_DEBUG_INFO = NO;
				MTL_FAST_MATH = YES;
				SDKROOT = macosx;
				SWIFT_COMPILATION_MODE = wholemodule;
			};
			name = Release;
		};
		20F5B41D2DEE0278006E942D /* Debug */ = {
			isa = XCBuildConfiguration;
			buildSettings = {
				ASSETCATALOG_COMPILER_APPICON_NAME = AppIcon;
				ASSETCATALOG_COMPILER_GLOBAL_ACCENT_COLOR_NAME = AccentColor;
				CODE_SIGN_ENTITLEMENTS = PupGuesser/PupGuesser.entitlements;
				CODE_SIGN_STYLE = Automatic;
				COMBINE_HIDPI_IMAGES = YES;
				CURRENT_PROJECT_VERSION = 1;
				ENABLE_PREVIEWS = YES;
				GENERATE_INFOPLIST_FILE = NO;
				INFOPLIST_FILE = PupGuesser/Info.plist;
				INFOPLIST_KEY_NSHumanReadableCopyright = "";
				INFOPLIST_KEY_UISupportedInterfaceOrientations = UIInterfaceOrientationPortrait;
				LD_RUNPATH_SEARCH_PATHS = (
					"$(inherited)",
					"@executable_path/../Frameworks",
				);
				MARKETING_VERSION = 1.0;
				PRODUCT_BUNDLE_IDENTIFIER = com.sam.test.project.PupGuesser;
				PRODUCT_NAME = "$(TARGET_NAME)";
				REGISTER_APP_GROUPS = YES;
				SDKROOT = iphoneos;
				SUPPORTED_PLATFORMS = "iphoneos iphonesimulator";
				SUPPORTS_MACCATALYST = NO;
				SUPPORTS_MAC_DESIGNED_FOR_IPHONE_IPAD = NO;
				SUPPORTS_XR_DESIGNED_FOR_IPHONE_IPAD = NO;
				SWIFT_EMIT_LOC_STRINGS = YES;
				SWIFT_VERSION = 5.0;
				TARGETED_DEVICE_FAMILY = 1;
			};
			name = Debug;
		};
		20F5B41E2DEE0278006E942D /* Release */ = {
			isa = XCBuildConfiguration;
			buildSettings = {
				ASSETCATALOG_COMPILER_APPICON_NAME = AppIcon;
				ASSETCATALOG_COMPILER_GLOBAL_ACCENT_COLOR_NAME = AccentColor;
				CODE_SIGN_ENTITLEMENTS = PupGuesser/PupGuesser.entitlements;
				CODE_SIGN_STYLE = Automatic;
				COMBINE_HIDPI_IMAGES = YES;
				CURRENT_PROJECT_VERSION = 1;
				ENABLE_PREVIEWS = YES;
				GENERATE_INFOPLIST_FILE = NO;
				INFOPLIST_FILE = PupGuesser/Info.plist;
				INFOPLIST_KEY_NSHumanReadableCopyright = "";
				INFOPLIST_KEY_UISupportedInterfaceOrientations = UIInterfaceOrientationPortrait;
				LD_RUNPATH_SEARCH_PATHS = (
					"$(inherited)",
					"@executable_path/../Frameworks",
				);
				MARKETING_VERSION = 1.0;
				PRODUCT_BUNDLE_IDENTIFIER = com.sam.test.project.PupGuesser;
				PRODUCT_NAME = "$(TARGET_NAME)";
				REGISTER_APP_GROUPS = YES;
				SDKROOT = iphoneos;
				SUPPORTED_PLATFORMS = "iphoneos iphonesimulator";
				SUPPORTS_MACCATALYST = NO;
				SUPPORTS_MAC_DESIGNED_FOR_IPHONE_IPAD = NO;
				SUPPORTS_XR_DESIGNED_FOR_IPHONE_IPAD = NO;
				SWIFT_EMIT_LOC_STRINGS = YES;
				SWIFT_VERSION = 5.0;
				TARGETED_DEVICE_FAMILY = 1;
			};
			name = Release;
		};
		20F5B4202DEE0278006E942D /* Debug */ = {
			isa = XCBuildConfiguration;
			buildSettings = {
				BUNDLE_LOADER = "$(TEST_HOST)";
				CLANG_ENABLE_MODULES = YES;
				CODE_SIGN_STYLE = Automatic;
				CURRENT_PROJECT_VERSION = 1;
				GENERATE_INFOPLIST_FILE = YES;
				MACOSX_DEPLOYMENT_TARGET = 15.5;
				MARKETING_VERSION = 1.0;
				PRODUCT_BUNDLE_IDENTIFIER = com.sam.test.project.PupGuesserTests;
				PRODUCT_NAME = "$(TARGET_NAME)";
				SUPPORTED_PLATFORMS = "iphoneos iphonesimulator";
				SUPPORTS_MACCATALYST = NO;
				SWIFT_EMIT_LOC_STRINGS = NO;
				SWIFT_OPTIMIZATION_LEVEL = "-Onone";
				SWIFT_VERSION = 5.0;
				TARGETED_DEVICE_FAMILY = 1;
				TEST_HOST = "$(BUILT_PRODUCTS_DIR)/PupGuesser.app/$(BUNDLE_EXECUTABLE_FOLDER_PATH)/PupGuesser";
			};
			name = Debug;
		};
		20F5B4212DEE0278006E942D /* Release */ = {
			isa = XCBuildConfiguration;
			buildSettings = {
				BUNDLE_LOADER = "$(TEST_HOST)";
				CLANG_ENABLE_MODULES = YES;
				CODE_SIGN_STYLE = Automatic;
				CURRENT_PROJECT_VERSION = 1;
				GENERATE_INFOPLIST_FILE = YES;
				MACOSX_DEPLOYMENT_TARGET = 15.5;
				MARKETING_VERSION = 1.0;
				PRODUCT_BUNDLE_IDENTIFIER = com.sam.test.project.PupGuesserTests;
				PRODUCT_NAME = "$(TARGET_NAME)";
				SUPPORTED_PLATFORMS = "iphoneos iphonesimulator";
				SUPPORTS_MACCATALYST = NO;
				SWIFT_EMIT_LOC_STRINGS = NO;
				SWIFT_VERSION = 5.0;
				TARGETED_DEVICE_FAMILY = 1;
				TEST_HOST = "$(BUILT_PRODUCTS_DIR)/PupGuesser.app/$(BUNDLE_EXECUTABLE_FOLDER_PATH)/PupGuesser";
			};
			name = Release;
		};
		20F5B4232DEE0278006E942D /* Debug */ = {
			isa = XCBuildConfiguration;
			buildSettings = {
				CODE_SIGN_STYLE = Automatic;
				CURRENT_PROJECT_VERSION = 1;
				GENERATE_INFOPLIST_FILE = YES;
				MARKETING_VERSION = 1.0;
				PRODUCT_BUNDLE_IDENTIFIER = com.sam.test.project.PupGuesserUITests;
				PRODUCT_NAME = "$(TARGET_NAME)";
				SWIFT_EMIT_LOC_STRINGS = NO;
				SWIFT_VERSION = 5.0;
				TEST_TARGET_NAME = PupGuesser;
			};
			name = Debug;
		};
		20F5B4242DEE0278006E942D /* Release */ = {
			isa = XCBuildConfiguration;
			buildSettings = {
				CODE_SIGN_STYLE = Automatic;
				CURRENT_PROJECT_VERSION = 1;
				GENERATE_INFOPLIST_FILE = YES;
				MARKETING_VERSION = 1.0;
				PRODUCT_BUNDLE_IDENTIFIER = com.sam.test.project.PupGuesserUITests;
				PRODUCT_NAME = "$(TARGET_NAME)";
				SWIFT_EMIT_LOC_STRINGS = NO;
				SWIFT_VERSION = 5.0;
				TEST_TARGET_NAME = PupGuesser;
			};
			name = Release;
		};
/* End XCBuildConfiguration section */

/* Begin XCConfigurationList section */
		20F5B3F52DEE0272006E942D /* Build configuration list for PBXProject "PupGuesser" */ = {
			isa = XCConfigurationList;
			buildConfigurations = (
				20F5B41A2DEE0278006E942D /* Debug */,
				20F5B41B2DEE0278006E942D /* Release */,
			);
			defaultConfigurationIsVisible = 0;
			defaultConfigurationName = Release;
		};
		20F5B41C2DEE0278006E942D /* Build configuration list for PBXNativeTarget "PupGuesser" */ = {
			isa = XCConfigurationList;
			buildConfigurations = (
				20F5B41D2DEE0278006E942D /* Debug */,
				20F5B41E2DEE0278006E942D /* Release */,
			);
			defaultConfigurationIsVisible = 0;
			defaultConfigurationName = Release;
		};
		20F5B41F2DEE0278006E942D /* Build configuration list for PBXNativeTarget "PupGuesserTests" */ = {
			isa = XCConfigurationList;
			buildConfigurations = (
				20F5B4202DEE0278006E942D /* Debug */,
				20F5B4212DEE0278006E942D /* Release */,
			);
			defaultConfigurationIsVisible = 0;
			defaultConfigurationName = Release;
		};
		20F5B4222DEE0278006E942D /* Build configuration list for PBXNativeTarget "PupGuesserUITests" */ = {
			isa = XCConfigurationList;
			buildConfigurations = (
				20F5B4232DEE0278006E942D /* Debug */,
				20F5B4242DEE0278006E942D /* Release */,
			);
			defaultConfigurationIsVisible = 0;
			defaultConfigurationName = Release;
		};
/* End XCConfigurationList section */

/* Begin XCRemoteSwiftPackageReference section */
		20F5B4792DEE0377006E942D /* XCRemoteSwiftPackageReference "Nimble" */ = {
			isa = XCRemoteSwiftPackageReference;
			repositoryURL = "https://github.com/Quick/Nimble";
			requirement = {
				branch = main;
				kind = branch;
			};
		};
		20F5B47C2DEE038D006E942D /* XCRemoteSwiftPackageReference "Quick" */ = {
			isa = XCRemoteSwiftPackageReference;
			repositoryURL = "https://github.com/Quick/Quick";
			requirement = {
				branch = main;
				kind = branch;
			};
		};
/* End XCRemoteSwiftPackageReference section */

/* Begin XCSwiftPackageProductDependency section */
		20F5B47A2DEE0377006E942D /* Nimble */ = {
			isa = XCSwiftPackageProductDependency;
			package = 20F5B4792DEE0377006E942D /* XCRemoteSwiftPackageReference "Nimble" */;
			productName = Nimble;
		};
		20F5B47D2DEE038D006E942D /* Quick */ = {
			isa = XCSwiftPackageProductDependency;
			package = 20F5B47C2DEE038D006E942D /* XCRemoteSwiftPackageReference "Quick" */;
			productName = Quick;
		};
/* End XCSwiftPackageProductDependency section */
	};
	rootObject = 20F5B3F22DEE0272006E942D /* Project object */;
}
