// !$*UTF8*$!
{
	archiveVersion = 1;
	classes = {
	};
	objectVersion = 77;
	objects = {

/* Begin PBXBuildFile section */
		208BB2022DEAF08D007E2DB4 /* SnapKit in Frameworks */ = {isa = PBXBuildFile; productRef = 208BB2012DEAF08D007E2DB4 /* SnapKit */; };
/* End PBXBuildFile section */

/* Begin PBXContainerItemProxy section */
		208BB1BA2DEADF5D007E2DB4 /* PBXContainerItemProxy */ = {
			isa = PBXContainerItemProxy;
			containerPortal = 208BB1A02DEADF5A007E2DB4 /* Project object */;
			proxyType = 1;
			remoteGlobalIDString = 208BB1A72DEADF5A007E2DB4;
			remoteInfo = PupGuesser;
		};
		208BB1C42DEADF5D007E2DB4 /* PBXContainerItemProxy */ = {
			isa = PBXContainerItemProxy;
			containerPortal = 208BB1A02DEADF5A007E2DB4 /* Project object */;
			proxyType = 1;
			remoteGlobalIDString = 208BB1A72DEADF5A007E2DB4;
			remoteInfo = PupGuesser;
		};
/* End PBXContainerItemProxy section */

/* Begin PBXFileReference section */
		208BB1A82DEADF5A007E2DB4 /* PupGuesser.app */ = {isa = PBXFileReference; explicitFileType = wrapper.application; includeInIndex = 0; path = PupGuesser.app; sourceTree = BUILT_PRODUCTS_DIR; };
		208BB1B92DEADF5D007E2DB4 /* PupGuesserTests.xctest */ = {isa = PBXFileReference; explicitFileType = wrapper.cfbundle; includeInIndex = 0; path = PupGuesserTests.xctest; sourceTree = BUILT_PRODUCTS_DIR; };
		208BB1C32DEADF5D007E2DB4 /* PupGuesserUITests.xctest */ = {isa = PBXFileReference; explicitFileType = wrapper.cfbundle; includeInIndex = 0; path = PupGuesserUITests.xctest; sourceTree = BUILT_PRODUCTS_DIR; };
/* End PBXFileReference section */

/* Begin PBXFileSystemSynchronizedBuildFileExceptionSet section */
		208BB20E2DEB0B29007E2DB4 /* Exceptions for "PupGuesser" folder in "PupGuesser" target */ = {
			isa = PBXFileSystemSynchronizedBuildFileExceptionSet;
			membershipExceptions = (
				Info.plist,
			);
			target = 208BB1A72DEADF5A007E2DB4 /* PupGuesser */;
		};
/* End PBXFileSystemSynchronizedBuildFileExceptionSet section */

/* Begin PBXFileSystemSynchronizedRootGroup section */
		208BB1AA2DEADF5A007E2DB4 /* PupGuesser */ = {
			isa = PBXFileSystemSynchronizedRootGroup;
			exceptions = (
				208BB20E2DEB0B29007E2DB4 /* Exceptions for "PupGuesser" folder in "PupGuesser" target */,
			);
			path = PupGuesser;
			sourceTree = "<group>";
		};
		208BB1BC2DEADF5D007E2DB4 /* PupGuesserTests */ = {
			isa = PBXFileSystemSynchronizedRootGroup;
			path = PupGuesserTests;
			sourceTree = "<group>";
		};
		208BB1C62DEADF5D007E2DB4 /* PupGuesserUITests */ = {
			isa = PBXFileSystemSynchronizedRootGroup;
			path = PupGuesserUITests;
			sourceTree = "<group>";
		};
/* End PBXFileSystemSynchronizedRootGroup section */

/* Begin PBXFrameworksBuildPhase section */
		208BB1A52DEADF5A007E2DB4 /* Frameworks */ = {
			isa = PBXFrameworksBuildPhase;
			buildActionMask = 2147483647;
			files = (
				208BB2022DEAF08D007E2DB4 /* SnapKit in Frameworks */,
			);
			runOnlyForDeploymentPostprocessing = 0;
		};
		208BB1B62DEADF5D007E2DB4 /* Frameworks */ = {
			isa = PBXFrameworksBuildPhase;
			buildActionMask = 2147483647;
			files = (
			);
			runOnlyForDeploymentPostprocessing = 0;
		};
		208BB1C02DEADF5D007E2DB4 /* Frameworks */ = {
			isa = PBXFrameworksBuildPhase;
			buildActionMask = 2147483647;
			files = (
			);
			runOnlyForDeploymentPostprocessing = 0;
		};
/* End PBXFrameworksBuildPhase section */

/* Begin PBXGroup section */
		208BB19F2DEADF5A007E2DB4 = {
			isa = PBXGroup;
			children = (
				208BB1AA2DEADF5A007E2DB4 /* PupGuesser */,
				208BB1BC2DEADF5D007E2DB4 /* PupGuesserTests */,
				208BB1C62DEADF5D007E2DB4 /* PupGuesserUITests */,
				208BB1A92DEADF5A007E2DB4 /* Products */,
			);
			sourceTree = "<group>";
		};
		208BB1A92DEADF5A007E2DB4 /* Products */ = {
			isa = PBXGroup;
			children = (
				208BB1A82DEADF5A007E2DB4 /* PupGuesser.app */,
				208BB1B92DEADF5D007E2DB4 /* PupGuesserTests.xctest */,
				208BB1C32DEADF5D007E2DB4 /* PupGuesserUITests.xctest */,
			);
			name = Products;
			sourceTree = "<group>";
		};
/* End PBXGroup section */

/* Begin PBXNativeTarget section */
		208BB1A72DEADF5A007E2DB4 /* PupGuesser */ = {
			isa = PBXNativeTarget;
			buildConfigurationList = 208BB1CD2DEADF5D007E2DB4 /* Build configuration list for PBXNativeTarget "PupGuesser" */;
			buildPhases = (
				208BB1A42DEADF5A007E2DB4 /* Sources */,
				208BB1A52DEADF5A007E2DB4 /* Frameworks */,
				208BB1A62DEADF5A007E2DB4 /* Resources */,
			);
			buildRules = (
			);
			dependencies = (
			);
			fileSystemSynchronizedGroups = (
				208BB1AA2DEADF5A007E2DB4 /* PupGuesser */,
			);
			name = PupGuesser;
			packageProductDependencies = (
				208BB2012DEAF08D007E2DB4 /* SnapKit */,
			);
			productName = PupGuesser;
			productReference = 208BB1A82DEADF5A007E2DB4 /* PupGuesser.app */;
			productType = "com.apple.product-type.application";
		};
		208BB1B82DEADF5D007E2DB4 /* PupGuesserTests */ = {
			isa = PBXNativeTarget;
			buildConfigurationList = 208BB1D02DEADF5D007E2DB4 /* Build configuration list for PBXNativeTarget "PupGuesserTests" */;
			buildPhases = (
				208BB1B52DEADF5D007E2DB4 /* Sources */,
				208BB1B62DEADF5D007E2DB4 /* Frameworks */,
				208BB1B72DEADF5D007E2DB4 /* Resources */,
			);
			buildRules = (
			);
			dependencies = (
				208BB1BB2DEADF5D007E2DB4 /* PBXTargetDependency */,
			);
			fileSystemSynchronizedGroups = (
				208BB1BC2DEADF5D007E2DB4 /* PupGuesserTests */,
			);
			name = PupGuesserTests;
			packageProductDependencies = (
			);
			productName = PupGuesserTests;
			productReference = 208BB1B92DEADF5D007E2DB4 /* PupGuesserTests.xctest */;
			productType = "com.apple.product-type.bundle.unit-test";
		};
		208BB1C22DEADF5D007E2DB4 /* PupGuesserUITests */ = {
			isa = PBXNativeTarget;
			buildConfigurationList = 208BB1D32DEADF5D007E2DB4 /* Build configuration list for PBXNativeTarget "PupGuesserUITests" */;
			buildPhases = (
				208BB1BF2DEADF5D007E2DB4 /* Sources */,
				208BB1C02DEADF5D007E2DB4 /* Frameworks */,
				208BB1C12DEADF5D007E2DB4 /* Resources */,
			);
			buildRules = (
			);
			dependencies = (
				208BB1C52DEADF5D007E2DB4 /* PBXTargetDependency */,
			);
			fileSystemSynchronizedGroups = (
				208BB1C62DEADF5D007E2DB4 /* PupGuesserUITests */,
			);
			name = PupGuesserUITests;
			packageProductDependencies = (
			);
			productName = PupGuesserUITests;
			productReference = 208BB1C32DEADF5D007E2DB4 /* PupGuesserUITests.xctest */;
			productType = "com.apple.product-type.bundle.ui-testing";
		};
/* End PBXNativeTarget section */

/* Begin PBXProject section */
		208BB1A02DEADF5A007E2DB4 /* Project object */ = {
			isa = PBXProject;
			attributes = {
				BuildIndependentTargetsInParallel = 1;
				LastSwiftUpdateCheck = 1640;
				LastUpgradeCheck = 1640;
				TargetAttributes = {
					208BB1A72DEADF5A007E2DB4 = {
						CreatedOnToolsVersion = 16.4;
					};
					208BB1B82DEADF5D007E2DB4 = {
						CreatedOnToolsVersion = 16.4;
						TestTargetID = 208BB1A72DEADF5A007E2DB4;
					};
					208BB1C22DEADF5D007E2DB4 = {
						CreatedOnToolsVersion = 16.4;
						TestTargetID = 208BB1A72DEADF5A007E2DB4;
					};
				};
			};
			buildConfigurationList = 208BB1A32DEADF5A007E2DB4 /* Build configuration list for PBXProject "PupGuesser" */;
			developmentRegion = en;
			hasScannedForEncodings = 0;
			knownRegions = (
				en,
				Base,
			);
			mainGroup = 208BB19F2DEADF5A007E2DB4;
			minimizedProjectReferenceProxies = 1;
			packageReferences = (
				208BB1EC2DEAE3BD007E2DB4 /* XCRemoteSwiftPackageReference "SnapKit" */,
			);
			preferredProjectObjectVersion = 77;
			productRefGroup = 208BB1A92DEADF5A007E2DB4 /* Products */;
			projectDirPath = "";
			projectRoot = "";
			targets = (
				208BB1A72DEADF5A007E2DB4 /* PupGuesser */,
				208BB1B82DEADF5D007E2DB4 /* PupGuesserTests */,
				208BB1C22DEADF5D007E2DB4 /* PupGuesserUITests */,
			);
		};
/* End PBXProject section */

/* Begin PBXResourcesBuildPhase section */
		208BB1A62DEADF5A007E2DB4 /* Resources */ = {
			isa = PBXResourcesBuildPhase;
			buildActionMask = 2147483647;
			files = (
			);
			runOnlyForDeploymentPostprocessing = 0;
		};
		208BB1B72DEADF5D007E2DB4 /* Resources */ = {
			isa = PBXResourcesBuildPhase;
			buildActionMask = 2147483647;
			files = (
			);
			runOnlyForDeploymentPostprocessing = 0;
		};
		208BB1C12DEADF5D007E2DB4 /* Resources */ = {
			isa = PBXResourcesBuildPhase;
			buildActionMask = 2147483647;
			files = (
			);
			runOnlyForDeploymentPostprocessing = 0;
		};
/* End PBXResourcesBuildPhase section */

/* Begin PBXSourcesBuildPhase section */
		208BB1A42DEADF5A007E2DB4 /* Sources */ = {
			isa = PBXSourcesBuildPhase;
			buildActionMask = 2147483647;
			files = (
			);
			runOnlyForDeploymentPostprocessing = 0;
		};
		208BB1B52DEADF5D007E2DB4 /* Sources */ = {
			isa = PBXSourcesBuildPhase;
			buildActionMask = 2147483647;
			files = (
			);
			runOnlyForDeploymentPostprocessing = 0;
		};
		208BB1BF2DEADF5D007E2DB4 /* Sources */ = {
			isa = PBXSourcesBuildPhase;
			buildActionMask = 2147483647;
			files = (
			);
			runOnlyForDeploymentPostprocessing = 0;
		};
/* End PBXSourcesBuildPhase section */

/* Begin PBXTargetDependency section */
		208BB1BB2DEADF5D007E2DB4 /* PBXTargetDependency */ = {
			isa = PBXTargetDependency;
			target = 208BB1A72DEADF5A007E2DB4 /* PupGuesser */;
			targetProxy = 208BB1BA2DEADF5D007E2DB4 /* PBXContainerItemProxy */;
		};
		208BB1C52DEADF5D007E2DB4 /* PBXTargetDependency */ = {
			isa = PBXTargetDependency;
			target = 208BB1A72DEADF5A007E2DB4 /* PupGuesser */;
			targetProxy = 208BB1C42DEADF5D007E2DB4 /* PBXContainerItemProxy */;
		};
/* End PBXTargetDependency section */

/* Begin XCBuildConfiguration section */
		208BB1CB2DEADF5D007E2DB4 /* Debug */ = {
			isa = XCBuildConfiguration;
			buildSettings = {
				ALWAYS_SEARCH_USER_PATHS = NO;
				ASSETCATALOG_COMPILER_GENERATE_SWIFT_ASSET_SYMBOL_EXTENSIONS = YES;
				CLANG_ANALYZER_NONNULL = YES;
				CLANG_ANALYZER_NUMBER_OBJECT_CONVERSION = YES_AGGRESSIVE;
				CLANG_CXX_LANGUAGE_STANDARD = "gnu++20";
				CLANG_ENABLE_MODULES = YES;
				CLANG_ENABLE_OBJC_ARC = YES;
				CLANG_ENABLE_OBJC_WEAK = YES;
				CLANG_WARN_BLOCK_CAPTURE_AUTORELEASING = YES;
				CLANG_WARN_BOOL_CONVERSION = YES;
				CLANG_WARN_COMMA = YES;
				CLANG_WARN_CONSTANT_CONVERSION = YES;
				CLANG_WARN_DEPRECATED_OBJC_IMPLEMENTATIONS = YES;
				CLANG_WARN_DIRECT_OBJC_ISA_USAGE = YES_ERROR;
				CLANG_WARN_DOCUMENTATION_COMMENTS = YES;
				CLANG_WARN_EMPTY_BODY = YES;
				CLANG_WARN_ENUM_CONVERSION = YES;
				CLANG_WARN_INFINITE_RECURSION = YES;
				CLANG_WARN_INT_CONVERSION = YES;
				CLANG_WARN_NON_LITERAL_NULL_CONVERSION = YES;
				CLANG_WARN_OBJC_IMPLICIT_RETAIN_SELF = YES;
				CLANG_WARN_OBJC_LITERAL_CONVERSION = YES;
				CLANG_WARN_OBJC_ROOT_CLASS = YES_ERROR;
				CLANG_WARN_QUOTED_INCLUDE_IN_FRAMEWORK_HEADER = YES;
				CLANG_WARN_RANGE_LOOP_ANALYSIS = YES;
				CLANG_WARN_STRICT_PROTOTYPES = YES;
				CLANG_WARN_SUSPICIOUS_MOVE = YES;
				CLANG_WARN_UNGUARDED_AVAILABILITY = YES_AGGRESSIVE;
				CLANG_WARN_UNREACHABLE_CODE = YES;
				CLANG_WARN__DUPLICATE_METHOD_MATCH = YES;
				COPY_PHASE_STRIP = NO;
				DEBUG_INFORMATION_FORMAT = dwarf;
				ENABLE_STRICT_OBJC_MSGSEND = YES;
				ENABLE_TESTABILITY = YES;
				ENABLE_USER_SCRIPT_SANDBOXING = YES;
				GCC_C_LANGUAGE_STANDARD = gnu17;
				GCC_DYNAMIC_NO_PIC = NO;
				GCC_NO_COMMON_BLOCKS = YES;
				GCC_OPTIMIZATION_LEVEL = 0;
				GCC_PREPROCESSOR_DEFINITIONS = (
					"DEBUG=1",
					"$(inherited)",
				);
				GCC_WARN_64_TO_32_BIT_CONVERSION = YES;
				GCC_WARN_ABOUT_RETURN_TYPE = YES_ERROR;
				GCC_WARN_UNDECLARED_SELECTOR = YES;
				GCC_WARN_UNINITIALIZED_AUTOS = YES_AGGRESSIVE;
				GCC_WARN_UNUSED_FUNCTION = YES;
				GCC_WARN_UNUSED_VARIABLE = YES;
				LOCALIZATION_PREFERS_STRING_CATALOGS = YES;
				MACOSX_DEPLOYMENT_TARGET = 15.5;
				MTL_ENABLE_DEBUG_INFO = INCLUDE_SOURCE;
				MTL_FAST_MATH = YES;
				ONLY_ACTIVE_ARCH = YES;
				SDKROOT = macosx;
				SWIFT_ACTIVE_COMPILATION_CONDITIONS = "DEBUG $(inherited)";
				SWIFT_OPTIMIZATION_LEVEL = "-Onone";
			};
			name = Debug;
		};
		208BB1CC2DEADF5D007E2DB4 /* Release */ = {
			isa = XCBuildConfiguration;
			buildSettings = {
				ALWAYS_SEARCH_USER_PATHS = NO;
				ASSETCATALOG_COMPILER_GENERATE_SWIFT_ASSET_SYMBOL_EXTENSIONS = YES;
				CLANG_ANALYZER_NONNULL = YES;
				CLANG_ANALYZER_NUMBER_OBJECT_CONVERSION = YES_AGGRESSIVE;
				CLANG_CXX_LANGUAGE_STANDARD = "gnu++20";
				CLANG_ENABLE_MODULES = YES;
				CLANG_ENABLE_OBJC_ARC = YES;
				CLANG_ENABLE_OBJC_WEAK = YES;
				CLANG_WARN_BLOCK_CAPTURE_AUTORELEASING = YES;
				CLANG_WARN_BOOL_CONVERSION = YES;
				CLANG_WARN_COMMA = YES;
				CLANG_WARN_CONSTANT_CONVERSION = YES;
				CLANG_WARN_DEPRECATED_OBJC_IMPLEMENTATIONS = YES;
				CLANG_WARN_DIRECT_OBJC_ISA_USAGE = YES_ERROR;
				CLANG_WARN_DOCUMENTATION_COMMENTS = YES;
				CLANG_WARN_EMPTY_BODY = YES;
				CLANG_WARN_ENUM_CONVERSION = YES;
				CLANG_WARN_INFINITE_RECURSION = YES;
				CLANG_WARN_INT_CONVERSION = YES;
				CLANG_WARN_NON_LITERAL_NULL_CONVERSION = YES;
				CLANG_WARN_OBJC_IMPLICIT_RETAIN_SELF = YES;
				CLANG_WARN_OBJC_LITERAL_CONVERSION = YES;
				CLANG_WARN_OBJC_ROOT_CLASS = YES_ERROR;
				CLANG_WARN_QUOTED_INCLUDE_IN_FRAMEWORK_HEADER = YES;
				CLANG_WARN_RANGE_LOOP_ANALYSIS = YES;
				CLANG_WARN_STRICT_PROTOTYPES = YES;
				CLANG_WARN_SUSPICIOUS_MOVE = YES;
				CLANG_WARN_UNGUARDED_AVAILABILITY = YES_AGGRESSIVE;
				CLANG_WARN_UNREACHABLE_CODE = YES;
				CLANG_WARN__DUPLICATE_METHOD_MATCH = YES;
				COPY_PHASE_STRIP = NO;
				DEBUG_INFORMATION_FORMAT = "dwarf-with-dsym";
				ENABLE_NS_ASSERTIONS = NO;
				ENABLE_STRICT_OBJC_MSGSEND = YES;
				ENABLE_USER_SCRIPT_SANDBOXING = YES;
				GCC_C_LANGUAGE_STANDARD = gnu17;
				GCC_NO_COMMON_BLOCKS = YES;
				GCC_WARN_64_TO_32_BIT_CONVERSION = YES;
				GCC_WARN_ABOUT_RETURN_TYPE = YES_ERROR;
				GCC_WARN_UNDECLARED_SELECTOR = YES;
				GCC_WARN_UNINITIALIZED_AUTOS = YES_AGGRESSIVE;
				GCC_WARN_UNUSED_FUNCTION = YES;
				GCC_WARN_UNUSED_VARIABLE = YES;
				LOCALIZATION_PREFERS_STRING_CATALOGS = YES;
				MACOSX_DEPLOYMENT_TARGET = 15.5;
				MTL_ENABLE_DEBUG_INFO = NO;
				MTL_FAST_MATH = YES;
				SDKROOT = macosx;
				SWIFT_COMPILATION_MODE = wholemodule;
			};
			name = Release;
		};
		208BB1CE2DEADF5D007E2DB4 /* Debug */ = {
			isa = XCBuildConfiguration;
			buildSettings = {
				ASSETCATALOG_COMPILER_APPICON_NAME = AppIcon;
				ASSETCATALOG_COMPILER_GLOBAL_ACCENT_COLOR_NAME = AccentColor;
				CODE_SIGN_ENTITLEMENTS = PupGuesser/PupGuesser.entitlements;
				CODE_SIGN_STYLE = Automatic;
				COMBINE_HIDPI_IMAGES = YES;
				CURRENT_PROJECT_VERSION = 1;
				GENERATE_INFOPLIST_FILE = NO;
				INFOPLIST_FILE = PupGuesser/Info.plist;
				INFOPLIST_KEY_NSHumanReadableCopyright = "";
				INFOPLIST_KEY_NSSupportsLiveActivities = NO;
				INFOPLIST_KEY_UIMainStoryboardFile = Main;
				INFOPLIST_KEY_UISupportedInterfaceOrientations = UIInterfaceOrientationPortrait;
				LD_RUNPATH_SEARCH_PATHS = (
					"$(inherited)",
					"@executable_path/../Frameworks",
				);
				MARKETING_VERSION = 1.0;
				PRODUCT_BUNDLE_IDENTIFIER = com.sam.test.project.PupGuesser;
				PRODUCT_NAME = "$(TARGET_NAME)";
				REGISTER_APP_GROUPS = YES;
				SDKROOT = iphoneos;
				SUPPORTED_PLATFORMS = "iphoneos iphonesimulator";
				SUPPORTS_MACCATALYST = NO;
				SWIFT_EMIT_LOC_STRINGS = YES;
				SWIFT_VERSION = 5.0;
				TARGETED_DEVICE_FAMILY = 1;
			};
			name = Debug;
		};
		208BB1CF2DEADF5D007E2DB4 /* Release */ = {
			isa = XCBuildConfiguration;
			buildSettings = {
				ASSETCATALOG_COMPILER_APPICON_NAME = AppIcon;
				ASSETCATALOG_COMPILER_GLOBAL_ACCENT_COLOR_NAME = AccentColor;
				CODE_SIGN_ENTITLEMENTS = PupGuesser/PupGuesser.entitlements;
				CODE_SIGN_STYLE = Automatic;
				COMBINE_HIDPI_IMAGES = YES;
				CURRENT_PROJECT_VERSION = 1;
				GENERATE_INFOPLIST_FILE = NO;
				INFOPLIST_FILE = PupGuesser/Info.plist;
				INFOPLIST_KEY_NSHumanReadableCopyright = "";
				INFOPLIST_KEY_NSSupportsLiveActivities = NO;
				INFOPLIST_KEY_UIMainStoryboardFile = Main;
				INFOPLIST_KEY_UISupportedInterfaceOrientations = UIInterfaceOrientationPortrait;
				LD_RUNPATH_SEARCH_PATHS = (
					"$(inherited)",
					"@executable_path/../Frameworks",
				);
				MARKETING_VERSION = 1.0;
				PRODUCT_BUNDLE_IDENTIFIER = com.sam.test.project.PupGuesser;
				PRODUCT_NAME = "$(TARGET_NAME)";
				REGISTER_APP_GROUPS = YES;
				SDKROOT = iphoneos;
				SUPPORTED_PLATFORMS = "iphoneos iphonesimulator";
				SUPPORTS_MACCATALYST = NO;
				SWIFT_EMIT_LOC_STRINGS = YES;
				SWIFT_VERSION = 5.0;
				TARGETED_DEVICE_FAMILY = 1;
			};
			name = Release;
		};
		208BB1D12DEADF5D007E2DB4 /* Debug */ = {
			isa = XCBuildConfiguration;
			buildSettings = {
				BUNDLE_LOADER = "$(TEST_HOST)";
				CODE_SIGN_STYLE = Automatic;
				CURRENT_PROJECT_VERSION = 1;
				GENERATE_INFOPLIST_FILE = YES;
				MACOSX_DEPLOYMENT_TARGET = 15.5;
				MARKETING_VERSION = 1.0;
				PRODUCT_BUNDLE_IDENTIFIER = com.sam.test.project.PupGuesserTests;
				PRODUCT_NAME = "$(TARGET_NAME)";
				SWIFT_EMIT_LOC_STRINGS = NO;
				SWIFT_VERSION = 5.0;
				TEST_HOST = "$(BUILT_PRODUCTS_DIR)/PupGuesser.app/$(BUNDLE_EXECUTABLE_FOLDER_PATH)/PupGuesser";
			};
			name = Debug;
		};
		208BB1D22DEADF5D007E2DB4 /* Release */ = {
			isa = XCBuildConfiguration;
			buildSettings = {
				BUNDLE_LOADER = "$(TEST_HOST)";
				CODE_SIGN_STYLE = Automatic;
				CURRENT_PROJECT_VERSION = 1;
				GENERATE_INFOPLIST_FILE = YES;
				MACOSX_DEPLOYMENT_TARGET = 15.5;
				MARKETING_VERSION = 1.0;
				PRODUCT_BUNDLE_IDENTIFIER = com.sam.test.project.PupGuesserTests;
				PRODUCT_NAME = "$(TARGET_NAME)";
				SWIFT_EMIT_LOC_STRINGS = NO;
				SWIFT_VERSION = 5.0;
				TEST_HOST = "$(BUILT_PRODUCTS_DIR)/PupGuesser.app/$(BUNDLE_EXECUTABLE_FOLDER_PATH)/PupGuesser";
			};
			name = Release;
		};
		208BB1D42DEADF5D007E2DB4 /* Debug */ = {
			isa = XCBuildConfiguration;
			buildSettings = {
				CODE_SIGN_STYLE = Automatic;
				CURRENT_PROJECT_VERSION = 1;
				GENERATE_INFOPLIST_FILE = YES;
				MARKETING_VERSION = 1.0;
				PRODUCT_BUNDLE_IDENTIFIER = com.sam.test.project.PupGuesserUITests;
				PRODUCT_NAME = "$(TARGET_NAME)";
				SWIFT_EMIT_LOC_STRINGS = NO;
				SWIFT_VERSION = 5.0;
				TEST_TARGET_NAME = PupGuesser;
			};
			name = Debug;
		};
		208BB1D52DEADF5D007E2DB4 /* Release */ = {
			isa = XCBuildConfiguration;
			buildSettings = {
				CODE_SIGN_STYLE = Automatic;
				CURRENT_PROJECT_VERSION = 1;
				GENERATE_INFOPLIST_FILE = YES;
				MARKETING_VERSION = 1.0;
				PRODUCT_BUNDLE_IDENTIFIER = com.sam.test.project.PupGuesserUITests;
				PRODUCT_NAME = "$(TARGET_NAME)";
				SWIFT_EMIT_LOC_STRINGS = NO;
				SWIFT_VERSION = 5.0;
				TEST_TARGET_NAME = PupGuesser;
			};
			name = Release;
		};
/* End XCBuildConfiguration section */

/* Begin XCConfigurationList section */
		208BB1A32DEADF5A007E2DB4 /* Build configuration list for PBXProject "PupGuesser" */ = {
			isa = XCConfigurationList;
			buildConfigurations = (
				208BB1CB2DEADF5D007E2DB4 /* Debug */,
				208BB1CC2DEADF5D007E2DB4 /* Release */,
			);
			defaultConfigurationIsVisible = 0;
			defaultConfigurationName = Release;
		};
		208BB1CD2DEADF5D007E2DB4 /* Build configuration list for PBXNativeTarget "PupGuesser" */ = {
			isa = XCConfigurationList;
			buildConfigurations = (
				208BB1CE2DEADF5D007E2DB4 /* Debug */,
				208BB1CF2DEADF5D007E2DB4 /* Release */,
			);
			defaultConfigurationIsVisible = 0;
			defaultConfigurationName = Release;
		};
		208BB1D02DEADF5D007E2DB4 /* Build configuration list for PBXNativeTarget "PupGuesserTests" */ = {
			isa = XCConfigurationList;
			buildConfigurations = (
				208BB1D12DEADF5D007E2DB4 /* Debug */,
				208BB1D22DEADF5D007E2DB4 /* Release */,
			);
			defaultConfigurationIsVisible = 0;
			defaultConfigurationName = Release;
		};
		208BB1D32DEADF5D007E2DB4 /* Build configuration list for PBXNativeTarget "PupGuesserUITests" */ = {
			isa = XCConfigurationList;
			buildConfigurations = (
				208BB1D42DEADF5D007E2DB4 /* Debug */,
				208BB1D52DEADF5D007E2DB4 /* Release */,
			);
			defaultConfigurationIsVisible = 0;
			defaultConfigurationName = Release;
		};
/* End XCConfigurationList section */

/* Begin XCRemoteSwiftPackageReference section */
		208BB1EC2DEAE3BD007E2DB4 /* XCRemoteSwiftPackageReference "SnapKit" */ = {
			isa = XCRemoteSwiftPackageReference;
			repositoryURL = "https://github.com/SnapKit/SnapKit.git";
			requirement = {
				kind = upToNextMajorVersion;
				minimumVersion = 5.7.1;
			};
		};
/* End XCRemoteSwiftPackageReference section */

/* Begin XCSwiftPackageProductDependency section */
		208BB2012DEAF08D007E2DB4 /* SnapKit */ = {
			isa = XCSwiftPackageProductDependency;
			package = 208BB1EC2DEAE3BD007E2DB4 /* XCRemoteSwiftPackageReference "SnapKit" */;
			productName = SnapKit;
		};
/* End XCSwiftPackageProductDependency section */
	};
	rootObject = 208BB1A02DEADF5A007E2DB4 /* Project object */;
}
