// !$*UTF8*$!
{
	archiveVersion = 1;
	classes = {
	};
	objectVersion = 77;
	objects = {

/* Begin PBXContainerItemProxy section */
		20FEB2952DEACC8D00EDAE02 /* PBXContainerItemProxy */ = {
			isa = PBXContainerItemProxy;
			containerPortal = 20FEB27E2DEACC8900EDAE02 /* Project object */;
			proxyType = 1;
			remoteGlobalIDString = 20FEB2852DEACC8900EDAE02;
			remoteInfo = PupGuesser;
		};
		20FEB29F2DEACC8D00EDAE02 /* PBXContainerItemProxy */ = {
			isa = PBXContainerItemProxy;
			containerPortal = 20FEB27E2DEACC8900EDAE02 /* Project object */;
			proxyType = 1;
			remoteGlobalIDString = 20FEB2852DEACC8900EDAE02;
			remoteInfo = PupGuesser;
		};
/* End PBXContainerItemProxy section */

/* Begin PBXFileReference section */
		20FEB2862DEACC8900EDAE02 /* PupGuesser.app */ = {isa = PBXFileReference; explicitFileType = wrapper.application; includeInIndex = 0; path = PupGuesser.app; sourceTree = BUILT_PRODUCTS_DIR; };
		20FEB2942DEACC8D00EDAE02 /* PupGuesserTests.xctest */ = {isa = PBXFileReference; explicitFileType = wrapper.cfbundle; includeInIndex = 0; path = PupGuesserTests.xctest; sourceTree = BUILT_PRODUCTS_DIR; };
		20FEB29E2DEACC8D00EDAE02 /* PupGuesserUITests.xctest */ = {isa = PBXFileReference; explicitFileType = wrapper.cfbundle; includeInIndex = 0; path = PupGuesserUITests.xctest; sourceTree = BUILT_PRODUCTS_DIR; };
/* End PBXFileReference section */

/* Begin PBXFileSystemSynchronizedRootGroup section */
		20FEB2882DEACC8900EDAE02 /* PupGuesser */ = {
			isa = PBXFileSystemSynchronizedRootGroup;
			path = PupGuesser;
			sourceTree = "<group>";
		};
		20FEB2972DEACC8D00EDAE02 /* PupGuesserTests */ = {
			isa = PBXFileSystemSynchronizedRootGroup;
			path = PupGuesserTests;
			sourceTree = "<group>";
		};
		20FEB2A12DEACC8D00EDAE02 /* PupGuesserUITests */ = {
			isa = PBXFileSystemSynchronizedRootGroup;
			path = PupGuesserUITests;
			sourceTree = "<group>";
		};
/* End PBXFileSystemSynchronizedRootGroup section */

/* Begin PBXFrameworksBuildPhase section */
		20FEB2832DEACC8900EDAE02 /* Frameworks */ = {
			isa = PBXFrameworksBuildPhase;
			buildActionMask = 2147483647;
			files = (
			);
			runOnlyForDeploymentPostprocessing = 0;
		};
		20FEB2912DEACC8D00EDAE02 /* Frameworks */ = {
			isa = PBXFrameworksBuildPhase;
			buildActionMask = 2147483647;
			files = (
			);
			runOnlyForDeploymentPostprocessing = 0;
		};
		20FEB29B2DEACC8D00EDAE02 /* Frameworks */ = {
			isa = PBXFrameworksBuildPhase;
			buildActionMask = 2147483647;
			files = (
			);
			runOnlyForDeploymentPostprocessing = 0;
		};
/* End PBXFrameworksBuildPhase section */

/* Begin PBXGroup section */
		20FEB27D2DEACC8900EDAE02 = {
			isa = PBXGroup;
			children = (
				20FEB2882DEACC8900EDAE02 /* PupGuesser */,
				20FEB2972DEACC8D00EDAE02 /* PupGuesserTests */,
				20FEB2A12DEACC8D00EDAE02 /* PupGuesserUITests */,
				20FEB2872DEACC8900EDAE02 /* Products */,
			);
			sourceTree = "<group>";
		};
		20FEB2872DEACC8900EDAE02 /* Products */ = {
			isa = PBXGroup;
			children = (
				20FEB2862DEACC8900EDAE02 /* PupGuesser.app */,
				20FEB2942DEACC8D00EDAE02 /* PupGuesserTests.xctest */,
				20FEB29E2DEACC8D00EDAE02 /* PupGuesserUITests.xctest */,
			);
			name = Products;
			sourceTree = "<group>";
		};
/* End PBXGroup section */

/* Begin PBXNativeTarget section */
		20FEB2852DEACC8900EDAE02 /* PupGuesser */ = {
			isa = PBXNativeTarget;
			buildConfigurationList = 20FEB2A82DEACC8D00EDAE02 /* Build configuration list for PBXNativeTarget "PupGuesser" */;
			buildPhases = (
				20FEB2822DEACC8900EDAE02 /* Sources */,
				20FEB2832DEACC8900EDAE02 /* Frameworks */,
				20FEB2842DEACC8900EDAE02 /* Resources */,
			);
			buildRules = (
			);
			dependencies = (
			);
			fileSystemSynchronizedGroups = (
				20FEB2882DEACC8900EDAE02 /* PupGuesser */,
			);
			name = PupGuesser;
			packageProductDependencies = (
			);
			productName = PupGuesser;
			productReference = 20FEB2862DEACC8900EDAE02 /* PupGuesser.app */;
			productType = "com.apple.product-type.application";
		};
		20FEB2932DEACC8D00EDAE02 /* PupGuesserTests */ = {
			isa = PBXNativeTarget;
			buildConfigurationList = 20FEB2AB2DEACC8D00EDAE02 /* Build configuration list for PBXNativeTarget "PupGuesserTests" */;
			buildPhases = (
				20FEB2902DEACC8D00EDAE02 /* Sources */,
				20FEB2912DEACC8D00EDAE02 /* Frameworks */,
				20FEB2922DEACC8D00EDAE02 /* Resources */,
			);
			buildRules = (
			);
			dependencies = (
				20FEB2962DEACC8D00EDAE02 /* PBXTargetDependency */,
			);
			fileSystemSynchronizedGroups = (
				20FEB2972DEACC8D00EDAE02 /* PupGuesserTests */,
			);
			name = PupGuesserTests;
			packageProductDependencies = (
			);
			productName = PupGuesserTests;
			productReference = 20FEB2942DEACC8D00EDAE02 /* PupGuesserTests.xctest */;
			productType = "com.apple.product-type.bundle.unit-test";
		};
		20FEB29D2DEACC8D00EDAE02 /* PupGuesserUITests */ = {
			isa = PBXNativeTarget;
			buildConfigurationList = 20FEB2AE2DEACC8D00EDAE02 /* Build configuration list for PBXNativeTarget "PupGuesserUITests" */;
			buildPhases = (
				20FEB29A2DEACC8D00EDAE02 /* Sources */,
				20FEB29B2DEACC8D00EDAE02 /* Frameworks */,
				20FEB29C2DEACC8D00EDAE02 /* Resources */,
			);
			buildRules = (
			);
			dependencies = (
				20FEB2A02DEACC8D00EDAE02 /* PBXTargetDependency */,
			);
			fileSystemSynchronizedGroups = (
				20FEB2A12DEACC8D00EDAE02 /* PupGuesserUITests */,
			);
			name = PupGuesserUITests;
			packageProductDependencies = (
			);
			productName = PupGuesserUITests;
			productReference = 20FEB29E2DEACC8D00EDAE02 /* PupGuesserUITests.xctest */;
			productType = "com.apple.product-type.bundle.ui-testing";
		};
/* End PBXNativeTarget section */

/* Begin PBXProject section */
		20FEB27E2DEACC8900EDAE02 /* Project object */ = {
			isa = PBXProject;
			attributes = {
				BuildIndependentTargetsInParallel = 1;
				LastSwiftUpdateCheck = 1640;
				LastUpgradeCheck = 1640;
				TargetAttributes = {
					20FEB2852DEACC8900EDAE02 = {
						CreatedOnToolsVersion = 16.4;
					};
					20FEB2932DEACC8D00EDAE02 = {
						CreatedOnToolsVersion = 16.4;
						TestTargetID = 20FEB2852DEACC8900EDAE02;
					};
					20FEB29D2DEACC8D00EDAE02 = {
						CreatedOnToolsVersion = 16.4;
						TestTargetID = 20FEB2852DEACC8900EDAE02;
					};
				};
			};
			buildConfigurationList = 20FEB2812DEACC8900EDAE02 /* Build configuration list for PBXProject "PupGuesser" */;
			developmentRegion = en;
			hasScannedForEncodings = 0;
			knownRegions = (
				en,
				Base,
			);
			mainGroup = 20FEB27D2DEACC8900EDAE02;
			minimizedProjectReferenceProxies = 1;
			preferredProjectObjectVersion = 77;
			productRefGroup = 20FEB2872DEACC8900EDAE02 /* Products */;
			projectDirPath = "";
			projectRoot = "";
			targets = (
				20FEB2852DEACC8900EDAE02 /* PupGuesser */,
				20FEB2932DEACC8D00EDAE02 /* PupGuesserTests */,
				20FEB29D2DEACC8D00EDAE02 /* PupGuesserUITests */,
			);
		};
/* End PBXProject section */

/* Begin PBXResourcesBuildPhase section */
		20FEB2842DEACC8900EDAE02 /* Resources */ = {
			isa = PBXResourcesBuildPhase;
			buildActionMask = 2147483647;
			files = (
			);
			runOnlyForDeploymentPostprocessing = 0;
		};
		20FEB2922DEACC8D00EDAE02 /* Resources */ = {
			isa = PBXResourcesBuildPhase;
			buildActionMask = 2147483647;
			files = (
			);
			runOnlyForDeploymentPostprocessing = 0;
		};
		20FEB29C2DEACC8D00EDAE02 /* Resources */ = {
			isa = PBXResourcesBuildPhase;
			buildActionMask = 2147483647;
			files = (
			);
			runOnlyForDeploymentPostprocessing = 0;
		};
/* End PBXResourcesBuildPhase section */

/* Begin PBXSourcesBuildPhase section */
		20FEB2822DEACC8900EDAE02 /* Sources */ = {
			isa = PBXSourcesBuildPhase;
			buildActionMask = 2147483647;
			files = (
			);
			runOnlyForDeploymentPostprocessing = 0;
		};
		20FEB2902DEACC8D00EDAE02 /* Sources */ = {
			isa = PBXSourcesBuildPhase;
			buildActionMask = 2147483647;
			files = (
			);
			runOnlyForDeploymentPostprocessing = 0;
		};
		20FEB29A2DEACC8D00EDAE02 /* Sources */ = {
			isa = PBXSourcesBuildPhase;
			buildActionMask = 2147483647;
			files = (
			);
			runOnlyForDeploymentPostprocessing = 0;
		};
/* End PBXSourcesBuildPhase section */

/* Begin PBXTargetDependency section */
		20FEB2962DEACC8D00EDAE02 /* PBXTargetDependency */ = {
			isa = PBXTargetDependency;
			target = 20FEB2852DEACC8900EDAE02 /* PupGuesser */;
			targetProxy = 20FEB2952DEACC8D00EDAE02 /* PBXContainerItemProxy */;
		};
		20FEB2A02DEACC8D00EDAE02 /* PBXTargetDependency */ = {
			isa = PBXTargetDependency;
			target = 20FEB2852DEACC8900EDAE02 /* PupGuesser */;
			targetProxy = 20FEB29F2DEACC8D00EDAE02 /* PBXContainerItemProxy */;
		};
/* End PBXTargetDependency section */

/* Begin XCBuildConfiguration section */
		20FEB2A62DEACC8D00EDAE02 /* Debug */ = {
			isa = XCBuildConfiguration;
			buildSettings = {
				ALWAYS_SEARCH_USER_PATHS = NO;
				ASSETCATALOG_COMPILER_GENERATE_SWIFT_ASSET_SYMBOL_EXTENSIONS = YES;
				CLANG_ANALYZER_NONNULL = YES;
				CLANG_ANALYZER_NUMBER_OBJECT_CONVERSION = YES_AGGRESSIVE;
				CLANG_CXX_LANGUAGE_STANDARD = "gnu++20";
				CLANG_ENABLE_MODULES = YES;
				CLANG_ENABLE_OBJC_ARC = YES;
				CLANG_ENABLE_OBJC_WEAK = YES;
				CLANG_WARN_BLOCK_CAPTURE_AUTORELEASING = YES;
				CLANG_WARN_BOOL_CONVERSION = YES;
				CLANG_WARN_COMMA = YES;
				CLANG_WARN_CONSTANT_CONVERSION = YES;
				CLANG_WARN_DEPRECATED_OBJC_IMPLEMENTATIONS = YES;
				CLANG_WARN_DIRECT_OBJC_ISA_USAGE = YES_ERROR;
				CLANG_WARN_DOCUMENTATION_COMMENTS = YES;
				CLANG_WARN_EMPTY_BODY = YES;
				CLANG_WARN_ENUM_CONVERSION = YES;
				CLANG_WARN_INFINITE_RECURSION = YES;
				CLANG_WARN_INT_CONVERSION = YES;
				CLANG_WARN_NON_LITERAL_NULL_CONVERSION = YES;
				CLANG_WARN_OBJC_IMPLICIT_RETAIN_SELF = YES;
				CLANG_WARN_OBJC_LITERAL_CONVERSION = YES;
				CLANG_WARN_OBJC_ROOT_CLASS = YES_ERROR;
				CLANG_WARN_QUOTED_INCLUDE_IN_FRAMEWORK_HEADER = YES;
				CLANG_WARN_RANGE_LOOP_ANALYSIS = YES;
				CLANG_WARN_STRICT_PROTOTYPES = YES;
				CLANG_WARN_SUSPICIOUS_MOVE = YES;
				CLANG_WARN_UNGUARDED_AVAILABILITY = YES_AGGRESSIVE;
				CLANG_WARN_UNREACHABLE_CODE = YES;
				CLANG_WARN__DUPLICATE_METHOD_MATCH = YES;
				COPY_PHASE_STRIP = NO;
				DEBUG_INFORMATION_FORMAT = dwarf;
				ENABLE_STRICT_OBJC_MSGSEND = YES;
				ENABLE_TESTABILITY = YES;
				ENABLE_USER_SCRIPT_SANDBOXING = YES;
				GCC_C_LANGUAGE_STANDARD = gnu17;
				GCC_DYNAMIC_NO_PIC = NO;
				GCC_NO_COMMON_BLOCKS = YES;
				GCC_OPTIMIZATION_LEVEL = 0;
				GCC_PREPROCESSOR_DEFINITIONS = (
					"DEBUG=1",
					"$(inherited)",
				);
				GCC_WARN_64_TO_32_BIT_CONVERSION = YES;
				GCC_WARN_ABOUT_RETURN_TYPE = YES_ERROR;
				GCC_WARN_UNDECLARED_SELECTOR = YES;
				GCC_WARN_UNINITIALIZED_AUTOS = YES_AGGRESSIVE;
				GCC_WARN_UNUSED_FUNCTION = YES;
				GCC_WARN_UNUSED_VARIABLE = YES;
				LOCALIZATION_PREFERS_STRING_CATALOGS = YES;
				MACOSX_DEPLOYMENT_TARGET = 15.5;
				MTL_ENABLE_DEBUG_INFO = INCLUDE_SOURCE;
				MTL_FAST_MATH = YES;
				ONLY_ACTIVE_ARCH = YES;
				SDKROOT = macosx;
				SWIFT_ACTIVE_COMPILATION_CONDITIONS = "DEBUG $(inherited)";
				SWIFT_OPTIMIZATION_LEVEL = "-Onone";
			};
			name = Debug;
		};
		20FEB2A72DEACC8D00EDAE02 /* Release */ = {
			isa = XCBuildConfiguration;
			buildSettings = {
				ALWAYS_SEARCH_USER_PATHS = NO;
				ASSETCATALOG_COMPILER_GENERATE_SWIFT_ASSET_SYMBOL_EXTENSIONS = YES;
				CLANG_ANALYZER_NONNULL = YES;
				CLANG_ANALYZER_NUMBER_OBJECT_CONVERSION = YES_AGGRESSIVE;
				CLANG_CXX_LANGUAGE_STANDARD = "gnu++20";
				CLANG_ENABLE_MODULES = YES;
				CLANG_ENABLE_OBJC_ARC = YES;
				CLANG_ENABLE_OBJC_WEAK = YES;
				CLANG_WARN_BLOCK_CAPTURE_AUTORELEASING = YES;
				CLANG_WARN_BOOL_CONVERSION = YES;
				CLANG_WARN_COMMA = YES;
				CLANG_WARN_CONSTANT_CONVERSION = YES;
				CLANG_WARN_DEPRECATED_OBJC_IMPLEMENTATIONS = YES;
				CLANG_WARN_DIRECT_OBJC_ISA_USAGE = YES_ERROR;
				CLANG_WARN_DOCUMENTATION_COMMENTS = YES;
				CLANG_WARN_EMPTY_BODY = YES;
				CLANG_WARN_ENUM_CONVERSION = YES;
				CLANG_WARN_INFINITE_RECURSION = YES;
				CLANG_WARN_INT_CONVERSION = YES;
				CLANG_WARN_NON_LITERAL_NULL_CONVERSION = YES;
				CLANG_WARN_OBJC_IMPLICIT_RETAIN_SELF = YES;
				CLANG_WARN_OBJC_LITERAL_CONVERSION = YES;
				CLANG_WARN_OBJC_ROOT_CLASS = YES_ERROR;
				CLANG_WARN_QUOTED_INCLUDE_IN_FRAMEWORK_HEADER = YES;
				CLANG_WARN_RANGE_LOOP_ANALYSIS = YES;
				CLANG_WARN_STRICT_PROTOTYPES = YES;
				CLANG_WARN_SUSPICIOUS_MOVE = YES;
				CLANG_WARN_UNGUARDED_AVAILABILITY = YES_AGGRESSIVE;
				CLANG_WARN_UNREACHABLE_CODE = YES;
				CLANG_WARN__DUPLICATE_METHOD_MATCH = YES;
				COPY_PHASE_STRIP = NO;
				DEBUG_INFORMATION_FORMAT = "dwarf-with-dsym";
				ENABLE_NS_ASSERTIONS = NO;
				ENABLE_STRICT_OBJC_MSGSEND = YES;
				ENABLE_USER_SCRIPT_SANDBOXING = YES;
				GCC_C_LANGUAGE_STANDARD = gnu17;
				GCC_NO_COMMON_BLOCKS = YES;
				GCC_WARN_64_TO_32_BIT_CONVERSION = YES;
				GCC_WARN_ABOUT_RETURN_TYPE = YES_ERROR;
				GCC_WARN_UNDECLARED_SELECTOR = YES;
				GCC_WARN_UNINITIALIZED_AUTOS = YES_AGGRESSIVE;
				GCC_WARN_UNUSED_FUNCTION = YES;
				GCC_WARN_UNUSED_VARIABLE = YES;
				LOCALIZATION_PREFERS_STRING_CATALOGS = YES;
				MACOSX_DEPLOYMENT_TARGET = 15.5;
				MTL_ENABLE_DEBUG_INFO = NO;
				MTL_FAST_MATH = YES;
				SDKROOT = macosx;
				SWIFT_COMPILATION_MODE = wholemodule;
			};
			name = Release;
		};
		20FEB2A92DEACC8D00EDAE02 /* Debug */ = {
			isa = XCBuildConfiguration;
			buildSettings = {
				ASSETCATALOG_COMPILER_APPICON_NAME = AppIcon;
				ASSETCATALOG_COMPILER_GLOBAL_ACCENT_COLOR_NAME = AccentColor;
				CODE_SIGN_ENTITLEMENTS = PupGuesser/PupGuesser.entitlements;
				CODE_SIGN_STYLE = Automatic;
				COMBINE_HIDPI_IMAGES = YES;
				CURRENT_PROJECT_VERSION = 1;
				ENABLE_PREVIEWS = YES;
				GENERATE_INFOPLIST_FILE = YES;
				INFOPLIST_KEY_NSHumanReadableCopyright = "";
				INFOPLIST_KEY_UISupportedInterfaceOrientations = UIInterfaceOrientationPortrait;
				LD_RUNPATH_SEARCH_PATHS = (
					"$(inherited)",
					"@executable_path/../Frameworks",
				);
				MARKETING_VERSION = 1.0;
				PRODUCT_BUNDLE_IDENTIFIER = com.sam.test.project.PupGuesser;
				PRODUCT_NAME = "$(TARGET_NAME)";
				REGISTER_APP_GROUPS = YES;
				SUPPORTED_PLATFORMS = "iphoneos iphonesimulator";
				SUPPORTS_MACCATALYST = NO;
				SWIFT_EMIT_LOC_STRINGS = YES;
				SWIFT_VERSION = 5.0;
				TARGETED_DEVICE_FAMILY = 1;
			};
			name = Debug;
		};
		20FEB2AA2DEACC8D00EDAE02 /* Release */ = {
			isa = XCBuildConfiguration;
			buildSettings = {
				ASSETCATALOG_COMPILER_APPICON_NAME = AppIcon;
				ASSETCATALOG_COMPILER_GLOBAL_ACCENT_COLOR_NAME = AccentColor;
				CODE_SIGN_ENTITLEMENTS = PupGuesser/PupGuesser.entitlements;
				CODE_SIGN_STYLE = Automatic;
				COMBINE_HIDPI_IMAGES = YES;
				CURRENT_PROJECT_VERSION = 1;
				ENABLE_PREVIEWS = YES;
				GENERATE_INFOPLIST_FILE = YES;
				INFOPLIST_KEY_NSHumanReadableCopyright = "";
				INFOPLIST_KEY_UISupportedInterfaceOrientations = UIInterfaceOrientationPortrait;
				LD_RUNPATH_SEARCH_PATHS = (
					"$(inherited)",
					"@executable_path/../Frameworks",
				);
				MARKETING_VERSION = 1.0;
				PRODUCT_BUNDLE_IDENTIFIER = com.sam.test.project.PupGuesser;
				PRODUCT_NAME = "$(TARGET_NAME)";
				REGISTER_APP_GROUPS = YES;
				SUPPORTED_PLATFORMS = "iphoneos iphonesimulator";
				SUPPORTS_MACCATALYST = NO;
				SWIFT_EMIT_LOC_STRINGS = YES;
				SWIFT_VERSION = 5.0;
				TARGETED_DEVICE_FAMILY = 1;
			};
			name = Release;
		};
		20FEB2AC2DEACC8D00EDAE02 /* Debug */ = {
			isa = XCBuildConfiguration;
			buildSettings = {
				BUNDLE_LOADER = "$(TEST_HOST)";
				CODE_SIGN_STYLE = Automatic;
				CURRENT_PROJECT_VERSION = 1;
				GENERATE_INFOPLIST_FILE = YES;
				MACOSX_DEPLOYMENT_TARGET = 15.5;
				MARKETING_VERSION = 1.0;
				PRODUCT_BUNDLE_IDENTIFIER = com.sam.test.project.PupGuesserTests;
				PRODUCT_NAME = "$(TARGET_NAME)";
				SWIFT_EMIT_LOC_STRINGS = NO;
				SWIFT_VERSION = 5.0;
				TEST_HOST = "$(BUILT_PRODUCTS_DIR)/PupGuesser.app/$(BUNDLE_EXECUTABLE_FOLDER_PATH)/PupGuesser";
			};
			name = Debug;
		};
		20FEB2AD2DEACC8D00EDAE02 /* Release */ = {
			isa = XCBuildConfiguration;
			buildSettings = {
				BUNDLE_LOADER = "$(TEST_HOST)";
				CODE_SIGN_STYLE = Automatic;
				CURRENT_PROJECT_VERSION = 1;
				GENERATE_INFOPLIST_FILE = YES;
				MACOSX_DEPLOYMENT_TARGET = 15.5;
				MARKETING_VERSION = 1.0;
				PRODUCT_BUNDLE_IDENTIFIER = com.sam.test.project.PupGuesserTests;
				PRODUCT_NAME = "$(TARGET_NAME)";
				SWIFT_EMIT_LOC_STRINGS = NO;
				SWIFT_VERSION = 5.0;
				TEST_HOST = "$(BUILT_PRODUCTS_DIR)/PupGuesser.app/$(BUNDLE_EXECUTABLE_FOLDER_PATH)/PupGuesser";
			};
			name = Release;
		};
		20FEB2AF2DEACC8D00EDAE02 /* Debug */ = {
			isa = XCBuildConfiguration;
			buildSettings = {
				CODE_SIGN_STYLE = Automatic;
				CURRENT_PROJECT_VERSION = 1;
				GENERATE_INFOPLIST_FILE = YES;
				MARKETING_VERSION = 1.0;
				PRODUCT_BUNDLE_IDENTIFIER = com.sam.test.project.PupGuesserUITests;
				PRODUCT_NAME = "$(TARGET_NAME)";
				SWIFT_EMIT_LOC_STRINGS = NO;
				SWIFT_VERSION = 5.0;
				TEST_TARGET_NAME = PupGuesser;
			};
			name = Debug;
		};
		20FEB2B02DEACC8D00EDAE02 /* Release */ = {
			isa = XCBuildConfiguration;
			buildSettings = {
				CODE_SIGN_STYLE = Automatic;
				CURRENT_PROJECT_VERSION = 1;
				GENERATE_INFOPLIST_FILE = YES;
				MARKETING_VERSION = 1.0;
				PRODUCT_BUNDLE_IDENTIFIER = com.sam.test.project.PupGuesserUITests;
				PRODUCT_NAME = "$(TARGET_NAME)";
				SWIFT_EMIT_LOC_STRINGS = NO;
				SWIFT_VERSION = 5.0;
				TEST_TARGET_NAME = PupGuesser;
			};
			name = Release;
		};
/* End XCBuildConfiguration section */

/* Begin XCConfigurationList section */
		20FEB2812DEACC8900EDAE02 /* Build configuration list for PBXProject "PupGuesser" */ = {
			isa = XCConfigurationList;
			buildConfigurations = (
				20FEB2A62DEACC8D00EDAE02 /* Debug */,
				20FEB2A72DEACC8D00EDAE02 /* Release */,
			);
			defaultConfigurationIsVisible = 0;
			defaultConfigurationName = Release;
		};
		20FEB2A82DEACC8D00EDAE02 /* Build configuration list for PBXNativeTarget "PupGuesser" */ = {
			isa = XCConfigurationList;
			buildConfigurations = (
				20FEB2A92DEACC8D00EDAE02 /* Debug */,
				20FEB2AA2DEACC8D00EDAE02 /* Release */,
			);
			defaultConfigurationIsVisible = 0;
			defaultConfigurationName = Release;
		};
		20FEB2AB2DEACC8D00EDAE02 /* Build configuration list for PBXNativeTarget "PupGuesserTests" */ = {
			isa = XCConfigurationList;
			buildConfigurations = (
				20FEB2AC2DEACC8D00EDAE02 /* Debug */,
				20FEB2AD2DEACC8D00EDAE02 /* Release */,
			);
			defaultConfigurationIsVisible = 0;
			defaultConfigurationName = Release;
		};
		20FEB2AE2DEACC8D00EDAE02 /* Build configuration list for PBXNativeTarget "PupGuesserUITests" */ = {
			isa = XCConfigurationList;
			buildConfigurations = (
				20FEB2AF2DEACC8D00EDAE02 /* Debug */,
				20FEB2B02DEACC8D00EDAE02 /* Release */,
			);
			defaultConfigurationIsVisible = 0;
			defaultConfigurationName = Release;
		};
/* End XCConfigurationList section */
	};
	rootObject = 20FEB27E2DEACC8900EDAE02 /* Project object */;
}
